<?xml version="1.0" encoding="utf-8"?>
<Project ToolsVersion="4.0" xmlns="http://schemas.microsoft.com/developer/msbuild/2003">
  <ItemGroup>
    <Filter Include="Source Files">
      <UniqueIdentifier>{4FC737F1-C7A5-4376-A066-2A32D752A2FF}</UniqueIdentifier>
      <Extensions>cpp;c;cc;cxx;def;odl;idl;hpj;bat;asm;asmx</Extensions>
    </Filter>
    <Filter Include="Header Files">
      <UniqueIdentifier>{93995380-89BD-4b04-88EB-625FBE52EBFB}</UniqueIdentifier>
      <Extensions>h;hpp;hxx;hm;inl;inc;xsd</Extensions>
    </Filter>
    <Filter Include="Resource Files">
      <UniqueIdentifier>{67DA6AB6-F800-4c08-8B7A-83BB121AAD01}</UniqueIdentifier>
      <Extensions>rc;ico;cur;bmp;dlg;rc2;rct;bin;rgs;gif;jpg;jpeg;jpe;resx;tiff;tif;png;wav;mfcribbon-ms</Extensions>
    </Filter>
    <Filter Include="Driver Files">
      <UniqueIdentifier>{8E41214B-6785-4CFE-B992-037D68949A14}</UniqueIdentifier>
      <Extensions>inf;inv;inx;mof;mc;</Extensions>
    </Filter>
  </ItemGroup>
  <ItemGroup>
    <ClInclude Include="windows\precomp.h">
      <Filter>Header Files</Filter>
    </ClInclude>
    <ClInclude Include="include\vrouter.h">
      <Filter>Header Files</Filter>
    </ClInclude>
    <ClInclude Include="include\vr_packet.h">
      <Filter>Header Files</Filter>
    </ClInclude>
    <ClInclude Include="include\vr_qos.h">
      <Filter>Header Files</Filter>
    </ClInclude>
    <ClInclude Include="include\vr_htable.h">
      <Filter>Header Files</Filter>
    </ClInclude>
    <ClInclude Include="include\vr_flow.h">
      <Filter>Header Files</Filter>
    </ClInclude>
    <ClInclude Include="include\vr_interface.h">
      <Filter>Header Files</Filter>
    </ClInclude>
    <ClInclude Include="include\vr_defs.h">
      <Filter>Header Files</Filter>
    </ClInclude>
    <ClInclude Include="include\vr_windows.h">
      <Filter>Header Files</Filter>
    </ClInclude>
    <ClInclude Include="include\vr_os.h">
      <Filter>Header Files</Filter>
    </ClInclude>
    <ClInclude Include="include\vr_bitmap.h">
      <Filter>Header Files</Filter>
    </ClInclude>
    <ClInclude Include="include\vr_bridge.h">
      <Filter>Header Files</Filter>
    </ClInclude>
    <ClInclude Include="include\vr_nexthop.h">
      <Filter>Header Files</Filter>
    </ClInclude>
    <ClInclude Include="include\vr_mpls.h">
      <Filter>Header Files</Filter>
    </ClInclude>
    <ClInclude Include="include\vr_index_table.h">
      <Filter>Header Files</Filter>
    </ClInclude>
    <ClInclude Include="include\vr_datapath.h">
      <Filter>Header Files</Filter>
    </ClInclude>
    <ClInclude Include="include\vr_response.h">
      <Filter>Header Files</Filter>
    </ClInclude>
    <ClInclude Include="include\vr_btable.h">
      <Filter>Header Files</Filter>
    </ClInclude>
    <ClInclude Include="include\vr_fragment.h">
      <Filter>Header Files</Filter>
    </ClInclude>
    <ClInclude Include="include\vr_genetlink.h">
      <Filter>Header Files</Filter>
    </ClInclude>
    <ClInclude Include="include\vr_hash.h">
      <Filter>Header Files</Filter>
    </ClInclude>
    <ClInclude Include="include\vr_ip_mtrie.h">
      <Filter>Header Files</Filter>
    </ClInclude>
    <ClInclude Include="include\vr_message.h">
      <Filter>Header Files</Filter>
    </ClInclude>
    <ClInclude Include="include\vr_queue.h">
      <Filter>Header Files</Filter>
    </ClInclude>
    <ClInclude Include="include\vr_mirror.h">
      <Filter>Header Files</Filter>
    </ClInclude>
    <ClInclude Include="include\vr_route.h">
      <Filter>Header Files</Filter>
    </ClInclude>
    <ClInclude Include="include\vr_sandesh.h">
      <Filter>Header Files</Filter>
    </ClInclude>
    <ClInclude Include="include\vr_vxlan.h">
      <Filter>Header Files</Filter>
    </ClInclude>
    <ClInclude Include="windows\include\windows_builtins.h">
      <Filter>Header Files</Filter>
    </ClInclude>
    <ClInclude Include="include\vr_stats.h">
      <Filter>Header Files</Filter>
    </ClInclude>
    <ClInclude Include="include\windows_builtins.h">
      <Filter>Header Files</Filter>
    </ClInclude>
    <ClInclude Include="..\build\debug\vrouter\sandesh\gen-c\vr_types.h">
      <Filter>Header Files</Filter>
    </ClInclude>
    <ClInclude Include="include\windows_types.h">
      <Filter>Header Files</Filter>
    </ClInclude>
    <ClInclude Include="include\windows_devices.h">
      <Filter>Header Files</Filter>
    </ClInclude>
    <ClInclude Include="include\windows_mem.h">
      <Filter>Header Files</Filter>
    </ClInclude>
    <ClInclude Include="include\windows_ksync.h">
      <Filter>Header Files</Filter>
    </ClInclude>
    <ClInclude Include="include\genetlink.h">
      <Filter>Header Files</Filter>
    </ClInclude>
    <ClInclude Include="include\netlink.h">
      <Filter>Header Files</Filter>
    </ClInclude>
    <ClInclude Include="include\windows_flow_ioctl.h">
      <Filter>Header Files</Filter>
    </ClInclude>
    <ClInclude Include="include\windows_nbl.h">
      <Filter>Header Files</Filter>
    </ClInclude>
  </ItemGroup>
  <ItemGroup>
    <ClCompile Include="windows\precompsrc2.c">
      <Filter>Source Files</Filter>
    </ClCompile>
    <ClCompile Include="dp-core\vr_packet.c">
      <Filter>Source Files</Filter>
    </ClCompile>
    <ClCompile Include="dp-core\vr_interface.c">
      <Filter>Source Files</Filter>
    </ClCompile>
    <ClCompile Include="dp-core\vr_message.c">
      <Filter>Source Files</Filter>
    </ClCompile>
    <ClCompile Include="dp-core\vrouter.c">
      <Filter>Source Files</Filter>
    </ClCompile>
    <ClCompile Include="dp-core\vr_queue.c">
      <Filter>Source Files</Filter>
    </ClCompile>
    <ClCompile Include="dp-core\vr_mirror.c">
      <Filter>Source Files</Filter>
    </ClCompile>
    <ClCompile Include="dp-core\vr_nexthop.c">
      <Filter>Source Files</Filter>
    </ClCompile>
    <ClCompile Include="windows\windows_random.c">
      <Filter>Source Files</Filter>
    </ClCompile>
    <ClCompile Include="windows\vr_ksync.c">
      <Filter>Source Files</Filter>
    </ClCompile>
    <ClCompile Include="windows\vr_host.c">
      <Filter>Source Files</Filter>
    </ClCompile>
    <ClCompile Include="windows\vr_host_interface.c">
      <Filter>Source Files</Filter>
    </ClCompile>
    <ClCompile Include="dp-core\vr_sandesh.c">
      <Filter>Source Files</Filter>
    </ClCompile>
    <ClCompile Include="dp-core\vr_qos.c">
      <Filter>Source Files</Filter>
    </ClCompile>
    <ClCompile Include="dp-core\vr_stats.c">
      <Filter>Source Files</Filter>
    </ClCompile>
    <ClCompile Include="dp-core\vr_mpls.c">
      <Filter>Source Files</Filter>
    </ClCompile>
    <ClCompile Include="dp-core\vr_response.c">
      <Filter>Source Files</Filter>
    </ClCompile>
    <ClCompile Include="dp-core\vr_route.c">
      <Filter>Source Files</Filter>
    </ClCompile>
    <ClCompile Include="dp-core\vr_ip_mtrie.c">
      <Filter>Source Files</Filter>
    </ClCompile>
    <ClCompile Include="dp-core\vr_vrf_assign.c">
      <Filter>Source Files</Filter>
    </ClCompile>
    <ClCompile Include="windows\vr_host.c">
      <Filter>Source Files</Filter>
    </ClCompile>
    <ClCompile Include="windows\vr_host_interface.c">
      <Filter>Source Files</Filter>
    </ClCompile>
    <ClCompile Include="dp-core\vr_vxlan.c">
      <Filter>Source Files</Filter>
    </ClCompile>
    <ClCompile Include="dp-core\vr_flow.c">
      <Filter>Source Files</Filter>
    </ClCompile>
    <ClCompile Include="dp-core\vr_datapath.c">
      <Filter>Source Files</Filter>
    </ClCompile>
    <ClCompile Include="dp-core\vr_bridge.c">
      <Filter>Source Files</Filter>
    </ClCompile>
    <ClCompile Include="dp-core\vr_htable.c">
      <Filter>Source Files</Filter>
    </ClCompile>
    <ClCompile Include="dp-core\vr_btable.c">
      <Filter>Source Files</Filter>
    </ClCompile>
    <ClCompile Include="dp-core\vr_vif_bridge.c">
      <Filter>Source Files</Filter>
    </ClCompile>
    <ClCompile Include="dp-core\vr_fragment.c">
      <Filter>Source Files</Filter>
    </ClCompile>
    <ClCompile Include="dp-core\vr_proto_ip.c">
      <Filter>Source Files</Filter>
    </ClCompile>
    <ClCompile Include="dp-core\vr_proto_ip6.c">
      <Filter>Source Files</Filter>
    </ClCompile>
    <ClCompile Include="dp-core\vr_index_table.c">
      <Filter>Source Files</Filter>
    </ClCompile>
    <ClCompile Include="dp-core\vr_bitmap.c">
      <Filter>Source Files</Filter>
    </ClCompile>
    <ClCompile Include="windows\vr_mem.c">
      <Filter>Source Files</Filter>
    </ClCompile>
    <ClCompile Include="windows\vr_pkt0.c">
      <Filter>Source Files</Filter>
    </ClCompile>
    <ClCompile Include="windows\vr_devices.c">
      <Filter>Source Files</Filter>
    </ClCompile>
    <ClCompile Include="dp-core\vr_buildinfo.c">
      <Filter>Source Files</Filter>
    </ClCompile>
    <ClCompile Include="..\build\kbuild\sandesh\gen-c\vr_types.c">
      <Filter>Source Files</Filter>
    </ClCompile>
    <ClCompile Include="..\build\kbuild\sandesh\library\c\protocol\thrift_binary_protocol.c">
      <Filter>Source Files</Filter>
    </ClCompile>
    <ClCompile Include="..\build\kbuild\sandesh\library\c\protocol\thrift_protocol.c">
      <Filter>Source Files</Filter>
    </ClCompile>
    <ClCompile Include="..\build\kbuild\sandesh\library\c\transport\thrift_fake_transport.c">
      <Filter>Source Files</Filter>
    </ClCompile>
    <ClCompile Include="..\build\kbuild\sandesh\library\c\transport\thrift_memory_buffer.c">
      <Filter>Source Files</Filter>
    </ClCompile>
    <ClCompile Include="..\build\kbuild\sandesh\library\c\transport\thrift_transport.c">
      <Filter>Source Files</Filter>
    </ClCompile>
    <ClCompile Include="..\build\kbuild\sandesh\library\c\sandesh.c">
      <Filter>Source Files</Filter>
    </ClCompile>
    <ClCompile Include="windows\vr_win_transport.c">
      <Filter>Source Files</Filter>
    </ClCompile>
    <ClCompile Include="windows\vr_driver.c">
      <Filter>Source Files</Filter>
    </ClCompile>
    <ClCompile Include="windows\vr_oid.c">
      <Filter>Source Files</Filter>
    </ClCompile>
    <ClCompile Include="windows\vr_nbl.c">
      <Filter>Source Files</Filter>
    </ClCompile>
    <ClCompile Include="windows\vr_flow_device.c">
      <Filter>Source Files</Filter>
    </ClCompile>
  </ItemGroup>
  <ItemGroup>
    <Inf Include="windows\vRouter.inf">
      <Filter>Driver Files</Filter>
    </Inf>
  </ItemGroup>
</Project>