
Microsoft Visual Studio Solution File, Format Version 12.00
# Visual Studio 14
VisualStudioVersion = 14.0.25420.1
MinimumVisualStudioVersion = 10.0.40219.1
Project("{8BC9CEB8-8B4A-11D0-8D11-00A0C91BC942}") = "vRouter", "vRouter.vcxproj", "{127F464E-61D0-4815-8D07-6600177A534C}"
EndProject
Project("{8BC9CEB8-8B4A-11D0-8D11-00A0C91BC942}") = "atomic-test", "..\test\atomic-test\atomic-test.vcxproj", "{621A6695-3A8D-4F94-942B-D8745888E768}"
EndProject
Global
	GlobalSection(SolutionConfigurationPlatforms) = preSolution
		Debug|ARM = Debug|ARM
		Debug|ARM64 = Debug|ARM64
		Debug|x64 = Debug|x64
		Debug|x86 = Debug|x86
		Release|ARM = Release|ARM
		Release|ARM64 = Release|ARM64
		Release|x64 = Release|x64
		Release|x86 = Release|x86
	EndGlobalSection
	GlobalSection(ProjectConfigurationPlatforms) = postSolution
		{127F464E-61D0-4815-8D07-6600177A534C}.Debug|ARM.ActiveCfg = Debug|ARM
		{127F464E-61D0-4815-8D07-6600177A534C}.Debug|ARM.Build.0 = Debug|ARM
		{127F464E-61D0-4815-8D07-6600177A534C}.Debug|ARM.Deploy.0 = Debug|ARM
		{127F464E-61D0-4815-8D07-6600177A534C}.Debug|ARM64.ActiveCfg = Debug|ARM64
		{127F464E-61D0-4815-8D07-6600177A534C}.Debug|ARM64.Build.0 = Debug|ARM64
		{127F464E-61D0-4815-8D07-6600177A534C}.Debug|ARM64.Deploy.0 = Debug|ARM64
		{127F464E-61D0-4815-8D07-6600177A534C}.Debug|x64.ActiveCfg = Debug|x64
		{127F464E-61D0-4815-8D07-6600177A534C}.Debug|x64.Build.0 = Debug|x64
		{127F464E-61D0-4815-8D07-6600177A534C}.Debug|x64.Deploy.0 = Debug|x64
		{127F464E-61D0-4815-8D07-6600177A534C}.Debug|x86.ActiveCfg = Debug|Win32
		{127F464E-61D0-4815-8D07-6600177A534C}.Debug|x86.Build.0 = Debug|Win32
		{127F464E-61D0-4815-8D07-6600177A534C}.Debug|x86.Deploy.0 = Debug|Win32
		{127F464E-61D0-4815-8D07-6600177A534C}.Release|ARM.ActiveCfg = Release|ARM
		{127F464E-61D0-4815-8D07-6600177A534C}.Release|ARM.Build.0 = Release|ARM
		{127F464E-61D0-4815-8D07-6600177A534C}.Release|ARM.Deploy.0 = Release|ARM
		{127F464E-61D0-4815-8D07-6600177A534C}.Release|ARM64.ActiveCfg = Release|ARM64
		{127F464E-61D0-4815-8D07-6600177A534C}.Release|ARM64.Build.0 = Release|ARM64
		{127F464E-61D0-4815-8D07-6600177A534C}.Release|ARM64.Deploy.0 = Release|ARM64
		{127F464E-61D0-4815-8D07-6600177A534C}.Release|x64.ActiveCfg = Release|x64
		{127F464E-61D0-4815-8D07-6600177A534C}.Release|x64.Build.0 = Release|x64
		{127F464E-61D0-4815-8D07-6600177A534C}.Release|x64.Deploy.0 = Release|x64
		{127F464E-61D0-4815-8D07-6600177A534C}.Release|x86.ActiveCfg = Release|Win32
		{127F464E-61D0-4815-8D07-6600177A534C}.Release|x86.Build.0 = Release|Win32
		{127F464E-61D0-4815-8D07-6600177A534C}.Release|x86.Deploy.0 = Release|Win32
		{621A6695-3A8D-4F94-942B-D8745888E768}.Debug|ARM.ActiveCfg = Debug|Win32
		{621A6695-3A8D-4F94-942B-D8745888E768}.Debug|ARM64.ActiveCfg = Debug|Win32
		{621A6695-3A8D-4F94-942B-D8745888E768}.Debug|x64.ActiveCfg = Debug|x64
		{621A6695-3A8D-4F94-942B-D8745888E768}.Debug|x64.Build.0 = Debug|x64
		{621A6695-3A8D-4F94-942B-D8745888E768}.Debug|x86.ActiveCfg = Debug|Win32
		{621A6695-3A8D-4F94-942B-D8745888E768}.Debug|x86.Build.0 = Debug|Win32
		{621A6695-3A8D-4F94-942B-D8745888E768}.Release|ARM.ActiveCfg = Release|Win32
		{621A6695-3A8D-4F94-942B-D8745888E768}.Release|ARM64.ActiveCfg = Release|Win32
		{621A6695-3A8D-4F94-942B-D8745888E768}.Release|x64.ActiveCfg = Release|x64
		{621A6695-3A8D-4F94-942B-D8745888E768}.Release|x64.Build.0 = Release|x64
		{621A6695-3A8D-4F94-942B-D8745888E768}.Release|x86.ActiveCfg = Release|Win32
		{621A6695-3A8D-4F94-942B-D8745888E768}.Release|x86.Build.0 = Release|Win32
	EndGlobalSection
	GlobalSection(SolutionProperties) = preSolution
		HideSolutionNode = FALSE
	EndGlobalSection
EndGlobal
